
Microsoft Visual Studio Solution File, Format Version 12.00
# Visual Studio Version 17
VisualStudioVersion = 17.12.35707.178
MinimumVisualStudioVersion = 10.0.40219.1
Project("{FAE04EC0-301F-11D3-BF4B-00C04F79EFBC}") = "Project1_AdonetCustomer", "Project1_AdonetCustomer\Project1_AdonetCustomer.csproj", "{2BEA2127-A874-43CD-89D7-FFD200210169}"
EndProject
Project("{FAE04EC0-301F-11D3-BF4B-00C04F79EFBC}") = "Project2_EntityFrameworkDbFirstProduct", "Project2_EntityFrameworkDbFirstProduct\Project2_EntityFrameworkDbFirstProduct.csproj", "{1093CCEC-8095-4F3F-AFA4-0E82AB8F4FFD}"
EndProject
Project("{FAE04EC0-301F-11D3-BF4B-00C04F79EFBC}") = "Project3_EntityFrameworkStatistics", "Project3_EntityFrameworkStatistics\Project3_EntityFrameworkStatistics.csproj", "{665C13D6-C924-463D-94B4-170759BE43A6}"
EndProject
Project("{FAE04EC0-301F-11D3-BF4B-00C04F79EFBC}") = "Proje4_EntityFrameworkCodeFirstMovie", "Proje4_EntityFrameworkCodeFirstMovie\Proje4_EntityFrameworkCodeFirstMovie.csproj", "{D9EE9053-8D0A-4529-9534-C6738030A342}"
EndProject
Global
	GlobalSection(SolutionConfigurationPlatforms) = preSolution
		Debug|Any CPU = Debug|Any CPU
		Release|Any CPU = Release|Any CPU
	EndGlobalSection
	GlobalSection(ProjectConfigurationPlatforms) = postSolution
		{2BEA2127-A874-43CD-89D7-FFD200210169}.Debug|Any CPU.ActiveCfg = Debug|Any CPU
		{2BEA2127-A874-43CD-89D7-FFD200210169}.Debug|Any CPU.Build.0 = Debug|Any CPU
		{2BEA2127-A874-43CD-89D7-FFD200210169}.Release|Any CPU.ActiveCfg = Release|Any CPU
		{2BEA2127-A874-43CD-89D7-FFD200210169}.Release|Any CPU.Build.0 = Release|Any CPU
		{1093CCEC-8095-4F3F-AFA4-0E82AB8F4FFD}.Debug|Any CPU.ActiveCfg = Debug|Any CPU
		{1093CCEC-8095-4F3F-AFA4-0E82AB8F4FFD}.Debug|Any CPU.Build.0 = Debug|Any CPU
		{1093CCEC-8095-4F3F-AFA4-0E82AB8F4FFD}.Release|Any CPU.ActiveCfg = Release|Any CPU
		{1093CCEC-8095-4F3F-AFA4-0E82AB8F4FFD}.Release|Any CPU.Build.0 = Release|Any CPU
		{665C13D6-C924-463D-94B4-170759BE43A6}.Debug|Any CPU.ActiveCfg = Debug|Any CPU
		{665C13D6-C924-463D-94B4-170759BE43A6}.Debug|Any CPU.Build.0 = Debug|Any CPU
		{665C13D6-C924-463D-94B4-170759BE43A6}.Release|Any CPU.ActiveCfg = Release|Any CPU
		{665C13D6-C924-463D-94B4-170759BE43A6}.Release|Any CPU.Build.0 = Release|Any CPU
		{D9EE9053-8D0A-4529-9534-C6738030A342}.Debug|Any CPU.ActiveCfg = Debug|Any CPU
		{D9EE9053-8D0A-4529-9534-C6738030A342}.Debug|Any CPU.Build.0 = Debug|Any CPU
		{D9EE9053-8D0A-4529-9534-C6738030A342}.Release|Any CPU.ActiveCfg = Release|Any CPU
		{D9EE9053-8D0A-4529-9534-C6738030A342}.Release|Any CPU.Build.0 = Release|Any CPU
	EndGlobalSection
	GlobalSection(SolutionProperties) = preSolution
		HideSolutionNode = FALSE
	EndGlobalSection
EndGlobal
